
Microsoft Visual Studio Solution File, Format Version 12.00
# Visual Studio Version 16
VisualStudioVersion = 16.0.32428.217
MinimumVisualStudioVersion = 10.0.40219.1
Project("{FAE04EC0-301F-11D3-BF4B-00C04F79EFBC}") = "StackOverflow", "StackOverflow\StackOverflow.csproj", "{971DFEA9-65AA-4CB3-A62A-E65041BEE5F5}"
EndProject
Global
	GlobalSection(SolutionConfigurationPlatforms) = preSolution
		Debug|Any CPU = Debug|Any CPU
		Release|Any CPU = Release|Any CPU
	EndGlobalSection
	GlobalSection(ProjectConfigurationPlatforms) = postSolution
		{971DFEA9-65AA-4CB3-A62A-E65041BEE5F5}.Debug|Any CPU.ActiveCfg = Debug|Any CPU
		{971DFEA9-65AA-4CB3-A62A-E65041BEE5F5}.Debug|Any CPU.Build.0 = Debug|Any CPU
		{971DFEA9-65AA-4CB3-A62A-E65041BEE5F5}.Release|Any CPU.ActiveCfg = Release|Any CPU
		{971DFEA9-65AA-4CB3-A62A-E65041BEE5F5}.Release|Any CPU.Build.0 = Release|Any CPU
	EndGlobalSection
	GlobalSection(SolutionProperties) = preSolution
		HideSolutionNode = FALSE
	EndGlobalSection
	GlobalSection(ExtensibilityGlobals) = postSolution
		SolutionGuid = {A28714B7-FFA1-4003-93BA-6CDF19F46061}
	EndGlobalSection
EndGlobal
